
Microsoft Visual Studio Solution File, Format Version 12.00
# Visual Studio Version 17
VisualStudioVersion = 17.0.32014.148
MinimumVisualStudioVersion = 10.0.40219.1
Project("{FAE04EC0-301F-11D3-BF4B-00C04F79EFBC}") = "Ccals_server", "Ccals_server\Ccals_server.csproj", "{187CB465-F035-41B9-B8AE-35F57BA8E7CC}"
EndProject
Global
	GlobalSection(SolutionConfigurationPlatforms) = preSolution
		Debug|Any CPU = Debug|Any CPU
		Release|Any CPU = Release|Any CPU
	EndGlobalSection
	GlobalSection(ProjectConfigurationPlatforms) = postSolution
		{187CB465-F035-41B9-B8AE-35F57BA8E7CC}.Debug|Any CPU.ActiveCfg = Debug|Any CPU
		{187CB465-F035-41B9-B8AE-35F57BA8E7CC}.Debug|Any CPU.Build.0 = Debug|Any CPU
		{187CB465-F035-41B9-B8AE-35F57BA8E7CC}.Release|Any CPU.ActiveCfg = Release|Any CPU
		{187CB465-F035-41B9-B8AE-35F57BA8E7CC}.Release|Any CPU.Build.0 = Release|Any CPU
	EndGlobalSection
	GlobalSection(SolutionProperties) = preSolution
		HideSolutionNode = FALSE
	EndGlobalSection
	GlobalSection(ExtensibilityGlobals) = postSolution
		SolutionGuid = {089DC88A-C512-4F14-8BE0-5A37174CB1F5}
	EndGlobalSection
EndGlobal
